PODS:
  - BRYXBanner (0.8.4)
  - MaterialComponents/Availability (124.2.0)
  - MaterialComponents/BottomSheet (124.2.0):
    - MaterialComponents/Elevation
    - MaterialComponents/private/KeyboardWatcher
    - MaterialComponents/private/Math
    - MaterialComponents/ShadowElevations
    - MaterialComponents/ShadowLayer
    - MaterialComponents/ShapeLibrary
    - MaterialComponents/Shapes
  - MaterialComponents/Elevation (124.2.0):
    - MaterialComponents/Availability
    - MaterialComponents/private/Color
    - MaterialComponents/private/Math
  - MaterialComponents/private/Application (124.2.0)
  - MaterialComponents/private/Color (124.2.0):
    - MaterialComponents/Availability
  - MaterialComponents/private/KeyboardWatcher (124.2.0):
    - MaterialComponents/private/Application
  - MaterialComponents/private/Math (124.2.0)
  - MaterialComponents/ShadowElevations (124.2.0)
  - MaterialComponents/ShadowLayer (124.2.0):
    - MaterialComponents/ShadowElevations
  - MaterialComponents/ShapeLibrary (124.2.0):
    - MaterialComponents/private/Math
    - MaterialComponents/Shapes
  - MaterialComponents/Shapes (124.2.0):
    - MaterialComponents/private/Color
    - MaterialComponents/private/Math
    - MaterialComponents/ShadowLayer
  - OnboardKit (1.5.0)

DEPENDENCIES:
  - BRYXBanner
  - MaterialComponents/BottomSheet
  - OnboardKit

SPEC REPOS:
  trunk:
    - BRYXBanner
    - MaterialComponents
    - OnboardKit

SPEC CHECKSUMS:
  BRYXBanner: 4fbd266f96ce000e4c6cc9a0558c446bd88d9801
  MaterialComponents: 1a9b2d9d45b1601ae544de85089adc4c464306d4
  OnboardKit: 73a4e9c9a1ae88afee0514ac3f2bc4f82126b66e

PODFILE CHECKSUM: a76a97fa2f1af7a1d6b5dfb0c9586ec210ae0212

COCOAPODS: 1.10.1
