// !$*UTF8*$!
{
	archiveVersion = 1;
	classes = {
	};
	objectVersion = 51;
	objects = {

/* Begin PBXBuildFile section */
		5C7AC868AF86CB603C807988 /* Pods_Popcat.framework in Frameworks */ = {isa = PBXBuildFile; fileRef = A74B011B80FF9519A7D851EF /* Pods_Popcat.framework */; };
		7D1574E32676ECFD0022C628 /* SettingsSectionView.swift in Sources */ = {isa = PBXBuildFile; fileRef = 7D1574E22676ECFD0022C628 /* SettingsSectionView.swift */; };
		7D2027C325F7296000B33C57 /* Constants.swift in Sources */ = {isa = PBXBuildFile; fileRef = 7D2027C225F7296000B33C57 /* Constants.swift */; };
		7D27273C265B741800CEA32E /* UserDefaultExtension.swift in Sources */ = {isa = PBXBuildFile; fileRef = 7D27273B265B741800CEA32E /* UserDefaultExtension.swift */; };
		7D2C6BA4264D0BDC001D445B /* DeviceAdaptaitonData.swift in Sources */ = {isa = PBXBuildFile; fileRef = 7D2C6BA3264D0BDC001D445B /* DeviceAdaptaitonData.swift */; };
		7D2DBF882692EAE40006C756 /* Localizable.strings in Resources */ = {isa = PBXBuildFile; fileRef = 7D2DBF8A2692EAE40006C756 /* Localizable.strings */; };
		7D2DBF8F2692EBCC0006C756 /* StringExtension.swift in Sources */ = {isa = PBXBuildFile; fileRef = 7D2DBF8E2692EBCC0006C756 /* StringExtension.swift */; };
		7D2ECD9A2672FEEF00A58B56 /* SettingsSection.swift in Sources */ = {isa = PBXBuildFile; fileRef = 7D2ECD992672FEEF00A58B56 /* SettingsSection.swift */; };
		7D433BE12705425500B0AC90 /* StringExtension.swift in Sources */ = {isa = PBXBuildFile; fileRef = 7D2DBF8E2692EBCC0006C756 /* StringExtension.swift */; };
		7D445DFD26F09705007B679F /* WidgetKit.framework in Frameworks */ = {isa = PBXBuildFile; fileRef = 7D445DFC26F09705007B679F /* WidgetKit.framework */; };
		7D445DFF26F09705007B679F /* SwiftUI.framework in Frameworks */ = {isa = PBXBuildFile; fileRef = 7D445DFE26F09705007B679F /* SwiftUI.framework */; };
		7D445E0226F09705007B679F /* CatPortrait.swift in Sources */ = {isa = PBXBuildFile; fileRef = 7D445E0126F09705007B679F /* CatPortrait.swift */; };
		7D445E0526F09706007B679F /* Assets.xcassets in Resources */ = {isa = PBXBuildFile; fileRef = 7D445E0426F09706007B679F /* Assets.xcassets */; };
		7D445E0726F09706007B679F /* CatPortrait.intentdefinition in Sources */ = {isa = PBXBuildFile; fileRef = 7D445E0326F09705007B679F /* CatPortrait.intentdefinition */; };
		7D445E0826F09706007B679F /* CatPortrait.intentdefinition in Sources */ = {isa = PBXBuildFile; fileRef = 7D445E0326F09705007B679F /* CatPortrait.intentdefinition */; };
		7D445E0B26F09706007B679F /* CatPortraitExtension.appex in Embed App Extensions */ = {isa = PBXBuildFile; fileRef = 7D445DFB26F09705007B679F /* CatPortraitExtension.appex */; settings = {ATTRIBUTES = (RemoveHeadersOnCopy, ); }; };
		7D542AF3267AD33000A6F31D /* DeveloperInfoSection.swift in Sources */ = {isa = PBXBuildFile; fileRef = 7D542AF2267AD33000A6F31D /* DeveloperInfoSection.swift */; };
		7D766E13269D306E00884C52 /* InfoPlist.strings in Resources */ = {isa = PBXBuildFile; fileRef = 7D766E15269D306E00884C52 /* InfoPlist.strings */; };
		7D795CFA25F5FD54006C9469 /* AppDelegate.swift in Sources */ = {isa = PBXBuildFile; fileRef = 7D795CF925F5FD54006C9469 /* AppDelegate.swift */; };
		7D795CFC25F5FD54006C9469 /* SceneDelegate.swift in Sources */ = {isa = PBXBuildFile; fileRef = 7D795CFB25F5FD54006C9469 /* SceneDelegate.swift */; };
		7D795CFE25F5FD54006C9469 /* MainViewController.swift in Sources */ = {isa = PBXBuildFile; fileRef = 7D795CFD25F5FD54006C9469 /* MainViewController.swift */; };
		7D795D0125F5FD54006C9469 /* Main.storyboard in Resources */ = {isa = PBXBuildFile; fileRef = 7D795CFF25F5FD54006C9469 /* Main.storyboard */; };
		7D795D0325F5FD54006C9469 /* Assets.xcassets in Resources */ = {isa = PBXBuildFile; fileRef = 7D795D0225F5FD54006C9469 /* Assets.xcassets */; };
		7D795D0625F5FD54006C9469 /* LaunchScreen.storyboard in Resources */ = {isa = PBXBuildFile; fileRef = 7D795D0425F5FD54006C9469 /* LaunchScreen.storyboard */; };
		7D852C7D2679C41400CA7B40 /* DeveloperInfoViewController.swift in Sources */ = {isa = PBXBuildFile; fileRef = 7D852C7C2679C41400CA7B40 /* DeveloperInfoViewController.swift */; };
		7D87DA4825F751380011ABDA /* TouchEventManager.swift in Sources */ = {isa = PBXBuildFile; fileRef = 7D87DA4725F751380011ABDA /* TouchEventManager.swift */; };
		7D8D93CB26F8566200C2D78B /* Assets.xcassets in Resources */ = {isa = PBXBuildFile; fileRef = 7D795D0225F5FD54006C9469 /* Assets.xcassets */; };
		7D8E1A3B265788DE00C590B7 /* AssetData.swift in Sources */ = {isa = PBXBuildFile; fileRef = 7D8E1A3A265788DE00C590B7 /* AssetData.swift */; };
		7D90496726608C6000A061E2 /* SettingsTableViewCells.swift in Sources */ = {isa = PBXBuildFile; fileRef = 7D90496526608C6000A061E2 /* SettingsTableViewCells.swift */; };
		7D94516F26008CD300668BB1 /* CatTowerVeiwController.swift in Sources */ = {isa = PBXBuildFile; fileRef = 7D94516E26008CD300668BB1 /* CatTowerVeiwController.swift */; };
		7D94828D265CD05C008BAC01 /* UserDataManager.swift in Sources */ = {isa = PBXBuildFile; fileRef = 7D94828C265CD05C008BAC01 /* UserDataManager.swift */; };
		7DB1416D263FC24600205D48 /* SettingsViewController.swift in Sources */ = {isa = PBXBuildFile; fileRef = 7DB1416C263FC24600205D48 /* SettingsViewController.swift */; };
		7DB629E726898C7100341B89 /* OnboardingDataModel.swift in Sources */ = {isa = PBXBuildFile; fileRef = 7DB629E626898C7100341B89 /* OnboardingDataModel.swift */; };
		7DB629E9268991F700341B89 /* OnboardingPageViewController.swift in Sources */ = {isa = PBXBuildFile; fileRef = 7DB629E8268991F700341B89 /* OnboardingPageViewController.swift */; };
		7DD780BE263FB92700732C58 /* CatTowerCell.swift in Sources */ = {isa = PBXBuildFile; fileRef = 7DD780BC263FB92700732C58 /* CatTowerCell.swift */; };
		7DD780BF263FB92700732C58 /* CatTowerCell.xib in Resources */ = {isa = PBXBuildFile; fileRef = 7DD780BD263FB92700732C58 /* CatTowerCell.xib */; };
		7DDDB0E127045D4A00868C38 /* Constants.swift in Sources */ = {isa = PBXBuildFile; fileRef = 7D2027C225F7296000B33C57 /* Constants.swift */; };
/* End PBXBuildFile section */

/* Begin PBXContainerItemProxy section */
		7D445E0926F09706007B679F /* PBXContainerItemProxy */ = {
			isa = PBXContainerItemProxy;
			containerPortal = 7D795CEE25F5FD53006C9469 /* Project object */;
			proxyType = 1;
			remoteGlobalIDString = 7D445DFA26F09705007B679F;
			remoteInfo = CatPortraitExtension;
		};
/* End PBXContainerItemProxy section */

/* Begin PBXCopyFilesBuildPhase section */
		7D445E0C26F09706007B679F /* Embed App Extensions */ = {
			isa = PBXCopyFilesBuildPhase;
			buildActionMask = 2147483647;
			dstPath = "";
			dstSubfolderSpec = 13;
			files = (
				7D445E0B26F09706007B679F /* CatPortraitExtension.appex in Embed App Extensions */,
			);
			name = "Embed App Extensions";
			runOnlyForDeploymentPostprocessing = 0;
		};
/* End PBXCopyFilesBuildPhase section */

/* Begin PBXFileReference section */
		3E81B038F471D58320F6459B /* Pods-Popcat.debug.xcconfig */ = {isa = PBXFileReference; includeInIndex = 1; lastKnownFileType = text.xcconfig; name = "Pods-Popcat.debug.xcconfig"; path = "Target Support Files/Pods-Popcat/Pods-Popcat.debug.xcconfig"; sourceTree = "<group>"; };
		7D1574E22676ECFD0022C628 /* SettingsSectionView.swift */ = {isa = PBXFileReference; lastKnownFileType = sourcecode.swift; path = SettingsSectionView.swift; sourceTree = "<group>"; };
		7D2027C225F7296000B33C57 /* Constants.swift */ = {isa = PBXFileReference; lastKnownFileType = sourcecode.swift; path = Constants.swift; sourceTree = "<group>"; };
		7D27273B265B741800CEA32E /* UserDefaultExtension.swift */ = {isa = PBXFileReference; lastKnownFileType = sourcecode.swift; path = UserDefaultExtension.swift; sourceTree = "<group>"; };
		7D2C6BA3264D0BDC001D445B /* DeviceAdaptaitonData.swift */ = {isa = PBXFileReference; lastKnownFileType = sourcecode.swift; path = DeviceAdaptaitonData.swift; sourceTree = "<group>"; };
		7D2DBF892692EAE40006C756 /* en */ = {isa = PBXFileReference; lastKnownFileType = text.plist.strings; name = en; path = en.lproj/Localizable.strings; sourceTree = "<group>"; };
		7D2DBF8B2692EB230006C756 /* ko */ = {isa = PBXFileReference; lastKnownFileType = text.plist.strings; name = ko; path = ko.lproj/Main.strings; sourceTree = "<group>"; };
		7D2DBF8C2692EB230006C756 /* ko */ = {isa = PBXFileReference; lastKnownFileType = text.plist.strings; name = ko; path = ko.lproj/LaunchScreen.strings; sourceTree = "<group>"; };
		7D2DBF8D2692EB230006C756 /* ko */ = {isa = PBXFileReference; lastKnownFileType = text.plist.strings; name = ko; path = ko.lproj/Localizable.strings; sourceTree = "<group>"; };
		7D2DBF8E2692EBCC0006C756 /* StringExtension.swift */ = {isa = PBXFileReference; lastKnownFileType = sourcecode.swift; path = StringExtension.swift; sourceTree = "<group>"; };
		7D2ECD992672FEEF00A58B56 /* SettingsSection.swift */ = {isa = PBXFileReference; lastKnownFileType = sourcecode.swift; path = SettingsSection.swift; sourceTree = "<group>"; };
		7D445DFB26F09705007B679F /* CatPortraitExtension.appex */ = {isa = PBXFileReference; explicitFileType = "wrapper.app-extension"; includeInIndex = 0; path = CatPortraitExtension.appex; sourceTree = BUILT_PRODUCTS_DIR; };
		7D445DFC26F09705007B679F /* WidgetKit.framework */ = {isa = PBXFileReference; lastKnownFileType = wrapper.framework; name = WidgetKit.framework; path = System/Library/Frameworks/WidgetKit.framework; sourceTree = SDKROOT; };
		7D445DFE26F09705007B679F /* SwiftUI.framework */ = {isa = PBXFileReference; lastKnownFileType = wrapper.framework; name = SwiftUI.framework; path = System/Library/Frameworks/SwiftUI.framework; sourceTree = SDKROOT; };
		7D445E0126F09705007B679F /* CatPortrait.swift */ = {isa = PBXFileReference; lastKnownFileType = sourcecode.swift; path = CatPortrait.swift; sourceTree = "<group>"; };
		7D445E0326F09705007B679F /* CatPortrait.intentdefinition */ = {isa = PBXFileReference; lastKnownFileType = file.intentdefinition; path = CatPortrait.intentdefinition; sourceTree = "<group>"; };
		7D445E0426F09706007B679F /* Assets.xcassets */ = {isa = PBXFileReference; lastKnownFileType = folder.assetcatalog; path = Assets.xcassets; sourceTree = "<group>"; };
		7D445E0626F09706007B679F /* Info.plist */ = {isa = PBXFileReference; lastKnownFileType = text.plist.xml; path = Info.plist; sourceTree = "<group>"; };
		7D542AF2267AD33000A6F31D /* DeveloperInfoSection.swift */ = {isa = PBXFileReference; lastKnownFileType = sourcecode.swift; path = DeveloperInfoSection.swift; sourceTree = "<group>"; };
		7D766E14269D306E00884C52 /* ko */ = {isa = PBXFileReference; lastKnownFileType = text.plist.strings; name = ko; path = ko.lproj/InfoPlist.strings; sourceTree = "<group>"; };
		7D766E16269D307200884C52 /* en */ = {isa = PBXFileReference; lastKnownFileType = text.plist.strings; name = en; path = en.lproj/InfoPlist.strings; sourceTree = "<group>"; };
		7D795CF625F5FD53006C9469 /* Popcat.app */ = {isa = PBXFileReference; explicitFileType = wrapper.application; includeInIndex = 0; path = Popcat.app; sourceTree = BUILT_PRODUCTS_DIR; };
		7D795CF925F5FD54006C9469 /* AppDelegate.swift */ = {isa = PBXFileReference; lastKnownFileType = sourcecode.swift; path = AppDelegate.swift; sourceTree = "<group>"; };
		7D795CFB25F5FD54006C9469 /* SceneDelegate.swift */ = {isa = PBXFileReference; lastKnownFileType = sourcecode.swift; path = SceneDelegate.swift; sourceTree = "<group>"; };
		7D795CFD25F5FD54006C9469 /* MainViewController.swift */ = {isa = PBXFileReference; lastKnownFileType = sourcecode.swift; path = MainViewController.swift; sourceTree = "<group>"; };
		7D795D0025F5FD54006C9469 /* Base */ = {isa = PBXFileReference; lastKnownFileType = file.storyboard; name = Base; path = Base.lproj/Main.storyboard; sourceTree = "<group>"; };
		7D795D0225F5FD54006C9469 /* Assets.xcassets */ = {isa = PBXFileReference; lastKnownFileType = folder.assetcatalog; path = Assets.xcassets; sourceTree = "<group>"; };
		7D795D0525F5FD54006C9469 /* Base */ = {isa = PBXFileReference; lastKnownFileType = file.storyboard; name = Base; path = Base.lproj/LaunchScreen.storyboard; sourceTree = "<group>"; };
		7D795D0725F5FD54006C9469 /* Info.plist */ = {isa = PBXFileReference; lastKnownFileType = text.plist.xml; path = Info.plist; sourceTree = "<group>"; };
		7D852C7C2679C41400CA7B40 /* DeveloperInfoViewController.swift */ = {isa = PBXFileReference; lastKnownFileType = sourcecode.swift; path = DeveloperInfoViewController.swift; sourceTree = "<group>"; };
		7D87DA4725F751380011ABDA /* TouchEventManager.swift */ = {isa = PBXFileReference; lastKnownFileType = sourcecode.swift; path = TouchEventManager.swift; sourceTree = "<group>"; };
		7D8E1A3A265788DE00C590B7 /* AssetData.swift */ = {isa = PBXFileReference; lastKnownFileType = sourcecode.swift; path = AssetData.swift; sourceTree = "<group>"; };
		7D90496526608C6000A061E2 /* SettingsTableViewCells.swift */ = {isa = PBXFileReference; lastKnownFileType = sourcecode.swift; path = SettingsTableViewCells.swift; sourceTree = "<group>"; };
		7D94516E26008CD300668BB1 /* CatTowerVeiwController.swift */ = {isa = PBXFileReference; lastKnownFileType = sourcecode.swift; path = CatTowerVeiwController.swift; sourceTree = "<group>"; };
		7D94828C265CD05C008BAC01 /* UserDataManager.swift */ = {isa = PBXFileReference; lastKnownFileType = sourcecode.swift; path = UserDataManager.swift; sourceTree = "<group>"; };
		7DB1416C263FC24600205D48 /* SettingsViewController.swift */ = {isa = PBXFileReference; lastKnownFileType = sourcecode.swift; path = SettingsViewController.swift; sourceTree = "<group>"; };
		7DB629E626898C7100341B89 /* OnboardingDataModel.swift */ = {isa = PBXFileReference; lastKnownFileType = sourcecode.swift; path = OnboardingDataModel.swift; sourceTree = "<group>"; };
		7DB629E8268991F700341B89 /* OnboardingPageViewController.swift */ = {isa = PBXFileReference; lastKnownFileType = sourcecode.swift; path = OnboardingPageViewController.swift; sourceTree = "<group>"; };
		7DD780BC263FB92700732C58 /* CatTowerCell.swift */ = {isa = PBXFileReference; lastKnownFileType = sourcecode.swift; path = CatTowerCell.swift; sourceTree = "<group>"; };
		7DD780BD263FB92700732C58 /* CatTowerCell.xib */ = {isa = PBXFileReference; lastKnownFileType = file.xib; path = CatTowerCell.xib; sourceTree = "<group>"; };
		A74B011B80FF9519A7D851EF /* Pods_Popcat.framework */ = {isa = PBXFileReference; explicitFileType = wrapper.framework; includeInIndex = 0; path = Pods_Popcat.framework; sourceTree = BUILT_PRODUCTS_DIR; };
		FDEB7E37ACAED75868C34E4B /* Pods-Popcat.release.xcconfig */ = {isa = PBXFileReference; includeInIndex = 1; lastKnownFileType = text.xcconfig; name = "Pods-Popcat.release.xcconfig"; path = "Target Support Files/Pods-Popcat/Pods-Popcat.release.xcconfig"; sourceTree = "<group>"; };
/* End PBXFileReference section */

/* Begin PBXFrameworksBuildPhase section */
		7D445DF826F09705007B679F /* Frameworks */ = {
			isa = PBXFrameworksBuildPhase;
			buildActionMask = 2147483647;
			files = (
				7D445DFF26F09705007B679F /* SwiftUI.framework in Frameworks */,
				7D445DFD26F09705007B679F /* WidgetKit.framework in Frameworks */,
			);
			runOnlyForDeploymentPostprocessing = 0;
		};
		7D795CF325F5FD53006C9469 /* Frameworks */ = {
			isa = PBXFrameworksBuildPhase;
			buildActionMask = 2147483647;
			files = (
				5C7AC868AF86CB603C807988 /* Pods_Popcat.framework in Frameworks */,
			);
			runOnlyForDeploymentPostprocessing = 0;
		};
/* End PBXFrameworksBuildPhase section */

/* Begin PBXGroup section */
		5D3B06EFD9101099920601AF /* Frameworks */ = {
			isa = PBXGroup;
			children = (
				A74B011B80FF9519A7D851EF /* Pods_Popcat.framework */,
				7D445DFC26F09705007B679F /* WidgetKit.framework */,
				7D445DFE26F09705007B679F /* SwiftUI.framework */,
			);
			name = Frameworks;
			sourceTree = "<group>";
		};
		7D445E0026F09705007B679F /* CatPortrait */ = {
			isa = PBXGroup;
			children = (
				7D445E0126F09705007B679F /* CatPortrait.swift */,
				7D445E0326F09705007B679F /* CatPortrait.intentdefinition */,
				7D445E0426F09706007B679F /* Assets.xcassets */,
				7D445E0626F09706007B679F /* Info.plist */,
			);
			path = CatPortrait;
			sourceTree = "<group>";
		};
		7D5F5117265E014B00B4C143 /* Model */ = {
			isa = PBXGroup;
			children = (
				7D2C6BA3264D0BDC001D445B /* DeviceAdaptaitonData.swift */,
				7D27273B265B741800CEA32E /* UserDefaultExtension.swift */,
				7D8E1A3A265788DE00C590B7 /* AssetData.swift */,
				7D94828C265CD05C008BAC01 /* UserDataManager.swift */,
				7D87DA4725F751380011ABDA /* TouchEventManager.swift */,
				7D2ECD992672FEEF00A58B56 /* SettingsSection.swift */,
				7D542AF2267AD33000A6F31D /* DeveloperInfoSection.swift */,
				7DB629E626898C7100341B89 /* OnboardingDataModel.swift */,
				7D2DBF8E2692EBCC0006C756 /* StringExtension.swift */,
			);
			path = Model;
			sourceTree = "<group>";
		};
		7D795CED25F5FD53006C9469 = {
			isa = PBXGroup;
			children = (
				7D795CF825F5FD53006C9469 /* Popcat */,
				7D445E0026F09705007B679F /* CatPortrait */,
				7D795CF725F5FD53006C9469 /* Products */,
				9936FF80F15BD431966E2C07 /* Pods */,
				5D3B06EFD9101099920601AF /* Frameworks */,
			);
			sourceTree = "<group>";
		};
		7D795CF725F5FD53006C9469 /* Products */ = {
			isa = PBXGroup;
			children = (
				7D795CF625F5FD53006C9469 /* Popcat.app */,
				7D445DFB26F09705007B679F /* CatPortraitExtension.appex */,
			);
			name = Products;
			sourceTree = "<group>";
		};
		7D795CF825F5FD53006C9469 /* Popcat */ = {
			isa = PBXGroup;
			children = (
				7D5F5117265E014B00B4C143 /* Model */,
				7D8E1A39265771B100C590B7 /* View */,
				7DB1416F263FC29100205D48 /* Contoller */,
				7D795CF925F5FD54006C9469 /* AppDelegate.swift */,
				7D795CFB25F5FD54006C9469 /* SceneDelegate.swift */,
				7D795CFF25F5FD54006C9469 /* Main.storyboard */,
				7D795D0225F5FD54006C9469 /* Assets.xcassets */,
				7D795D0425F5FD54006C9469 /* LaunchScreen.storyboard */,
				7D795D0725F5FD54006C9469 /* Info.plist */,
				7D2027C225F7296000B33C57 /* Constants.swift */,
				7D2DBF8A2692EAE40006C756 /* Localizable.strings */,
				7D766E15269D306E00884C52 /* InfoPlist.strings */,
			);
			path = Popcat;
			sourceTree = "<group>";
		};
		7D8E1A39265771B100C590B7 /* View */ = {
			isa = PBXGroup;
			children = (
				7DD780BC263FB92700732C58 /* CatTowerCell.swift */,
				7DD780BD263FB92700732C58 /* CatTowerCell.xib */,
				7D90496526608C6000A061E2 /* SettingsTableViewCells.swift */,
				7D1574E22676ECFD0022C628 /* SettingsSectionView.swift */,
			);
			path = View;
			sourceTree = "<group>";
		};
		7DB1416F263FC29100205D48 /* Contoller */ = {
			isa = PBXGroup;
			children = (
				7DB629E8268991F700341B89 /* OnboardingPageViewController.swift */,
				7D795CFD25F5FD54006C9469 /* MainViewController.swift */,
				7D94516E26008CD300668BB1 /* CatTowerVeiwController.swift */,
				7DB1416C263FC24600205D48 /* SettingsViewController.swift */,
				7D852C7C2679C41400CA7B40 /* DeveloperInfoViewController.swift */,
			);
			path = Contoller;
			sourceTree = "<group>";
		};
		9936FF80F15BD431966E2C07 /* Pods */ = {
			isa = PBXGroup;
			children = (
				3E81B038F471D58320F6459B /* Pods-Popcat.debug.xcconfig */,
				FDEB7E37ACAED75868C34E4B /* Pods-Popcat.release.xcconfig */,
			);
			path = Pods;
			sourceTree = "<group>";
		};
/* End PBXGroup section */

/* Begin PBXNativeTarget section */
		7D445DFA26F09705007B679F /* CatPortraitExtension */ = {
			isa = PBXNativeTarget;
			buildConfigurationList = 7D445E0F26F09706007B679F /* Build configuration list for PBXNativeTarget "CatPortraitExtension" */;
			buildPhases = (
				7D445DF726F09705007B679F /* Sources */,
				7D445DF826F09705007B679F /* Frameworks */,
				7D445DF926F09705007B679F /* Resources */,
			);
			buildRules = (
			);
			dependencies = (
			);
			name = CatPortraitExtension;
			productName = CatPortraitExtension;
			productReference = 7D445DFB26F09705007B679F /* CatPortraitExtension.appex */;
			productType = "com.apple.product-type.app-extension";
		};
		7D795CF525F5FD53006C9469 /* Popcat */ = {
			isa = PBXNativeTarget;
			buildConfigurationList = 7D795D0A25F5FD54006C9469 /* Build configuration list for PBXNativeTarget "Popcat" */;
			buildPhases = (
				54DF590B26ED162EA3C2DEDC /* [CP] Check Pods Manifest.lock */,
				7D795CF225F5FD53006C9469 /* Sources */,
				7D795CF325F5FD53006C9469 /* Frameworks */,
				7D795CF425F5FD53006C9469 /* Resources */,
				97755B39526496B0C3A78D88 /* [CP] Embed Pods Frameworks */,
				7D445E0C26F09706007B679F /* Embed App Extensions */,
			);
			buildRules = (
			);
			dependencies = (
				7D445E0A26F09706007B679F /* PBXTargetDependency */,
			);
			name = Popcat;
			productName = Popcat;
			productReference = 7D795CF625F5FD53006C9469 /* Popcat.app */;
			productType = "com.apple.product-type.application";
		};
/* End PBXNativeTarget section */

/* Begin PBXProject section */
		7D795CEE25F5FD53006C9469 /* Project object */ = {
			isa = PBXProject;
			attributes = {
				LastSwiftUpdateCheck = 1250;
				LastUpgradeCheck = 1240;
				TargetAttributes = {
					7D445DFA26F09705007B679F = {
						CreatedOnToolsVersion = 12.5.1;
					};
					7D795CF525F5FD53006C9469 = {
						CreatedOnToolsVersion = 12.4;
					};
				};
			};
			buildConfigurationList = 7D795CF125F5FD53006C9469 /* Build configuration list for PBXProject "Popcat" */;
			compatibilityVersion = "Xcode 9.3";
			developmentRegion = en;
			hasScannedForEncodings = 0;
			knownRegions = (
				en,
				Base,
				ko,
			);
			mainGroup = 7D795CED25F5FD53006C9469;
			productRefGroup = 7D795CF725F5FD53006C9469 /* Products */;
			projectDirPath = "";
			projectRoot = "";
			targets = (
				7D795CF525F5FD53006C9469 /* Popcat */,
				7D445DFA26F09705007B679F /* CatPortraitExtension */,
			);
		};
/* End PBXProject section */

/* Begin PBXResourcesBuildPhase section */
		7D445DF926F09705007B679F /* Resources */ = {
			isa = PBXResourcesBuildPhase;
			buildActionMask = 2147483647;
			files = (
				7D8D93CB26F8566200C2D78B /* Assets.xcassets in Resources */,
				7D445E0526F09706007B679F /* Assets.xcassets in Resources */,
			);
			runOnlyForDeploymentPostprocessing = 0;
		};
		7D795CF425F5FD53006C9469 /* Resources */ = {
			isa = PBXResourcesBuildPhase;
			buildActionMask = 2147483647;
			files = (
				7D2DBF882692EAE40006C756 /* Localizable.strings in Resources */,
				7D766E13269D306E00884C52 /* InfoPlist.strings in Resources */,
				7D795D0625F5FD54006C9469 /* LaunchScreen.storyboard in Resources */,
				7D795D0325F5FD54006C9469 /* Assets.xcassets in Resources */,
				7DD780BF263FB92700732C58 /* CatTowerCell.xib in Resources */,
				7D795D0125F5FD54006C9469 /* Main.storyboard in Resources */,
			);
			runOnlyForDeploymentPostprocessing = 0;
		};
/* End PBXResourcesBuildPhase section */

/* Begin PBXShellScriptBuildPhase section */
		54DF590B26ED162EA3C2DEDC /* [CP] Check Pods Manifest.lock */ = {
			isa = PBXShellScriptBuildPhase;
			buildActionMask = 2147483647;
			files = (
			);
			inputFileListPaths = (
			);
			inputPaths = (
				"${PODS_PODFILE_DIR_PATH}/Podfile.lock",
				"${PODS_ROOT}/Manifest.lock",
			);
			name = "[CP] Check Pods Manifest.lock";
			outputFileListPaths = (
			);
			outputPaths = (
				"$(DERIVED_FILE_DIR)/Pods-Popcat-checkManifestLockResult.txt",
			);
			runOnlyForDeploymentPostprocessing = 0;
			shellPath = /bin/sh;
			shellScript = "diff \"${PODS_PODFILE_DIR_PATH}/Podfile.lock\" \"${PODS_ROOT}/Manifest.lock\" > /dev/null\nif [ $? != 0 ] ; then\n    # print error to STDERR\n    echo \"error: The sandbox is not in sync with the Podfile.lock. Run 'pod install' or update your CocoaPods installation.\" >&2\n    exit 1\nfi\n# This output is used by Xcode 'outputs' to avoid re-running this script phase.\necho \"SUCCESS\" > \"${SCRIPT_OUTPUT_FILE_0}\"\n";
			showEnvVarsInLog = 0;
		};
		97755B39526496B0C3A78D88 /* [CP] Embed Pods Frameworks */ = {
			isa = PBXShellScriptBuildPhase;
			buildActionMask = 2147483647;
			files = (
			);
			inputFileListPaths = (
				"${PODS_ROOT}/Target Support Files/Pods-Popcat/Pods-Popcat-frameworks-${CONFIGURATION}-input-files.xcfilelist",
			);
			name = "[CP] Embed Pods Frameworks";
			outputFileListPaths = (
				"${PODS_ROOT}/Target Support Files/Pods-Popcat/Pods-Popcat-frameworks-${CONFIGURATION}-output-files.xcfilelist",
			);
			runOnlyForDeploymentPostprocessing = 0;
			shellPath = /bin/sh;
			shellScript = "\"${PODS_ROOT}/Target Support Files/Pods-Popcat/Pods-Popcat-frameworks.sh\"\n";
			showEnvVarsInLog = 0;
		};
/* End PBXShellScriptBuildPhase section */

/* Begin PBXSourcesBuildPhase section */
		7D445DF726F09705007B679F /* Sources */ = {
			isa = PBXSourcesBuildPhase;
			buildActionMask = 2147483647;
			files = (
				7D433BE12705425500B0AC90 /* StringExtension.swift in Sources */,
				7D445E0726F09706007B679F /* CatPortrait.intentdefinition in Sources */,
				7D445E0226F09705007B679F /* CatPortrait.swift in Sources */,
				7DDDB0E127045D4A00868C38 /* Constants.swift in Sources */,
			);
			runOnlyForDeploymentPostprocessing = 0;
		};
		7D795CF225F5FD53006C9469 /* Sources */ = {
			isa = PBXSourcesBuildPhase;
			buildActionMask = 2147483647;
			files = (
				7D2ECD9A2672FEEF00A58B56 /* SettingsSection.swift in Sources */,
				7D795CFE25F5FD54006C9469 /* MainViewController.swift in Sources */,
				7DB629E726898C7100341B89 /* OnboardingDataModel.swift in Sources */,
				7D795CFA25F5FD54006C9469 /* AppDelegate.swift in Sources */,
				7D8E1A3B265788DE00C590B7 /* AssetData.swift in Sources */,
				7D90496726608C6000A061E2 /* SettingsTableViewCells.swift in Sources */,
				7D795CFC25F5FD54006C9469 /* SceneDelegate.swift in Sources */,
				7D87DA4825F751380011ABDA /* TouchEventManager.swift in Sources */,
				7D852C7D2679C41400CA7B40 /* DeveloperInfoViewController.swift in Sources */,
				7D27273C265B741800CEA32E /* UserDefaultExtension.swift in Sources */,
				7D2027C325F7296000B33C57 /* Constants.swift in Sources */,
				7D1574E32676ECFD0022C628 /* SettingsSectionView.swift in Sources */,
				7D2DBF8F2692EBCC0006C756 /* StringExtension.swift in Sources */,
				7D2C6BA4264D0BDC001D445B /* DeviceAdaptaitonData.swift in Sources */,
				7D94828D265CD05C008BAC01 /* UserDataManager.swift in Sources */,
				7D445E0826F09706007B679F /* CatPortrait.intentdefinition in Sources */,
				7D542AF3267AD33000A6F31D /* DeveloperInfoSection.swift in Sources */,
				7DD780BE263FB92700732C58 /* CatTowerCell.swift in Sources */,
				7D94516F26008CD300668BB1 /* CatTowerVeiwController.swift in Sources */,
				7DB1416D263FC24600205D48 /* SettingsViewController.swift in Sources */,
				7DB629E9268991F700341B89 /* OnboardingPageViewController.swift in Sources */,
			);
			runOnlyForDeploymentPostprocessing = 0;
		};
/* End PBXSourcesBuildPhase section */

/* Begin PBXTargetDependency section */
		7D445E0A26F09706007B679F /* PBXTargetDependency */ = {
			isa = PBXTargetDependency;
			target = 7D445DFA26F09705007B679F /* CatPortraitExtension */;
			targetProxy = 7D445E0926F09706007B679F /* PBXContainerItemProxy */;
		};
/* End PBXTargetDependency section */

/* Begin PBXVariantGroup section */
		7D2DBF8A2692EAE40006C756 /* Localizable.strings */ = {
			isa = PBXVariantGroup;
			children = (
				7D2DBF892692EAE40006C756 /* en */,
				7D2DBF8D2692EB230006C756 /* ko */,
			);
			name = Localizable.strings;
			sourceTree = "<group>";
		};
		7D766E15269D306E00884C52 /* InfoPlist.strings */ = {
			isa = PBXVariantGroup;
			children = (
				7D766E14269D306E00884C52 /* ko */,
				7D766E16269D307200884C52 /* en */,
			);
			name = InfoPlist.strings;
			sourceTree = "<group>";
		};
		7D795CFF25F5FD54006C9469 /* Main.storyboard */ = {
			isa = PBXVariantGroup;
			children = (
				7D795D0025F5FD54006C9469 /* Base */,
				7D2DBF8B2692EB230006C756 /* ko */,
			);
			name = Main.storyboard;
			sourceTree = "<group>";
		};
		7D795D0425F5FD54006C9469 /* LaunchScreen.storyboard */ = {
			isa = PBXVariantGroup;
			children = (
				7D795D0525F5FD54006C9469 /* Base */,
				7D2DBF8C2692EB230006C756 /* ko */,
			);
			name = LaunchScreen.storyboard;
			sourceTree = "<group>";
		};
/* End PBXVariantGroup section */

/* Begin XCBuildConfiguration section */
		7D445E0D26F09706007B679F /* Debug */ = {
			isa = XCBuildConfiguration;
			buildSettings = {
				ASSETCATALOG_COMPILER_GLOBAL_ACCENT_COLOR_NAME = AccentColor;
				ASSETCATALOG_COMPILER_WIDGET_BACKGROUND_COLOR_NAME = WidgetBackground;
				CODE_SIGN_IDENTITY = "Apple Development";
				CODE_SIGN_STYLE = Automatic;
				DEVELOPMENT_TEAM = ZW6466CHF4;
				INFOPLIST_FILE = CatPortrait/Info.plist;
				IPHONEOS_DEPLOYMENT_TARGET = 14.5;
				LD_RUNPATH_SEARCH_PATHS = (
					"$(inherited)",
					"@executable_path/Frameworks",
					"@executable_path/../../Frameworks",
				);
				PRODUCT_BUNDLE_IDENTIFIER = com.choiysapple.MyPopcat.CatPortrait;
				PRODUCT_NAME = "$(TARGET_NAME)";
				SKIP_INSTALL = YES;
				SWIFT_VERSION = 5.0;
				TARGETED_DEVICE_FAMILY = "1,2";
			};
			name = Debug;
		};
		7D445E0E26F09706007B679F /* Release */ = {
			isa = XCBuildConfiguration;
			buildSettings = {
				ASSETCATALOG_COMPILER_GLOBAL_ACCENT_COLOR_NAME = AccentColor;
				ASSETCATALOG_COMPILER_WIDGET_BACKGROUND_COLOR_NAME = WidgetBackground;
				CODE_SIGN_IDENTITY = "Apple Development";
				CODE_SIGN_STYLE = Automatic;
				DEVELOPMENT_TEAM = ZW6466CHF4;
				INFOPLIST_FILE = CatPortrait/Info.plist;
				IPHONEOS_DEPLOYMENT_TARGET = 14.5;
				LD_RUNPATH_SEARCH_PATHS = (
					"$(inherited)",
					"@executable_path/Frameworks",
					"@executable_path/../../Frameworks",
				);
				PRODUCT_BUNDLE_IDENTIFIER = com.choiysapple.MyPopcat.CatPortrait;
				PRODUCT_NAME = "$(TARGET_NAME)";
				SKIP_INSTALL = YES;
				SWIFT_VERSION = 5.0;
				TARGETED_DEVICE_FAMILY = "1,2";
			};
			name = Release;
		};
		7D795D0825F5FD54006C9469 /* Debug */ = {
			isa = XCBuildConfiguration;
			buildSettings = {
				ALWAYS_SEARCH_USER_PATHS = NO;
				CLANG_ANALYZER_LOCALIZABILITY_NONLOCALIZED = YES;
				CLANG_ANALYZER_NONNULL = YES;
				CLANG_ANALYZER_NUMBER_OBJECT_CONVERSION = YES_AGGRESSIVE;
				CLANG_CXX_LANGUAGE_STANDARD = "gnu++14";
				CLANG_CXX_LIBRARY = "libc++";
				CLANG_ENABLE_MODULES = YES;
				CLANG_ENABLE_OBJC_ARC = YES;
				CLANG_ENABLE_OBJC_WEAK = YES;
				CLANG_WARN_BLOCK_CAPTURE_AUTORELEASING = YES;
				CLANG_WARN_BOOL_CONVERSION = YES;
				CLANG_WARN_COMMA = YES;
				CLANG_WARN_CONSTANT_CONVERSION = YES;
				CLANG_WARN_DEPRECATED_OBJC_IMPLEMENTATIONS = YES;
				CLANG_WARN_DIRECT_OBJC_ISA_USAGE = YES_ERROR;
				CLANG_WARN_DOCUMENTATION_COMMENTS = YES;
				CLANG_WARN_EMPTY_BODY = YES;
				CLANG_WARN_ENUM_CONVERSION = YES;
				CLANG_WARN_INFINITE_RECURSION = YES;
				CLANG_WARN_INT_CONVERSION = YES;
				CLANG_WARN_NON_LITERAL_NULL_CONVERSION = YES;
				CLANG_WARN_OBJC_IMPLICIT_RETAIN_SELF = YES;
				CLANG_WARN_OBJC_LITERAL_CONVERSION = YES;
				CLANG_WARN_OBJC_ROOT_CLASS = YES_ERROR;
				CLANG_WARN_QUOTED_INCLUDE_IN_FRAMEWORK_HEADER = YES;
				CLANG_WARN_RANGE_LOOP_ANALYSIS = YES;
				CLANG_WARN_STRICT_PROTOTYPES = YES;
				CLANG_WARN_SUSPICIOUS_MOVE = YES;
				CLANG_WARN_UNGUARDED_AVAILABILITY = YES_AGGRESSIVE;
				CLANG_WARN_UNREACHABLE_CODE = YES;
				CLANG_WARN__DUPLICATE_METHOD_MATCH = YES;
				COPY_PHASE_STRIP = NO;
				DEBUG_INFORMATION_FORMAT = dwarf;
				ENABLE_STRICT_OBJC_MSGSEND = YES;
				ENABLE_TESTABILITY = YES;
				GCC_C_LANGUAGE_STANDARD = gnu11;
				GCC_DYNAMIC_NO_PIC = NO;
				GCC_NO_COMMON_BLOCKS = YES;
				GCC_OPTIMIZATION_LEVEL = 0;
				GCC_PREPROCESSOR_DEFINITIONS = (
					"DEBUG=1",
					"$(inherited)",
				);
				GCC_WARN_64_TO_32_BIT_CONVERSION = YES;
				GCC_WARN_ABOUT_RETURN_TYPE = YES_ERROR;
				GCC_WARN_UNDECLARED_SELECTOR = YES;
				GCC_WARN_UNINITIALIZED_AUTOS = YES_AGGRESSIVE;
				GCC_WARN_UNUSED_FUNCTION = YES;
				GCC_WARN_UNUSED_VARIABLE = YES;
				IPHONEOS_DEPLOYMENT_TARGET = 13.0;
				MTL_ENABLE_DEBUG_INFO = INCLUDE_SOURCE;
				MTL_FAST_MATH = YES;
				ONLY_ACTIVE_ARCH = YES;
				SDKROOT = iphoneos;
				SWIFT_ACTIVE_COMPILATION_CONDITIONS = DEBUG;
				SWIFT_OPTIMIZATION_LEVEL = "-Onone";
			};
			name = Debug;
		};
		7D795D0925F5FD54006C9469 /* Release */ = {
			isa = XCBuildConfiguration;
			buildSettings = {
				ALWAYS_SEARCH_USER_PATHS = NO;
				CLANG_ANALYZER_LOCALIZABILITY_NONLOCALIZED = YES;
				CLANG_ANALYZER_NONNULL = YES;
				CLANG_ANALYZER_NUMBER_OBJECT_CONVERSION = YES_AGGRESSIVE;
				CLANG_CXX_LANGUAGE_STANDARD = "gnu++14";
				CLANG_CXX_LIBRARY = "libc++";
				CLANG_ENABLE_MODULES = YES;
				CLANG_ENABLE_OBJC_ARC = YES;
				CLANG_ENABLE_OBJC_WEAK = YES;
				CLANG_WARN_BLOCK_CAPTURE_AUTORELEASING = YES;
				CLANG_WARN_BOOL_CONVERSION = YES;
				CLANG_WARN_COMMA = YES;
				CLANG_WARN_CONSTANT_CONVERSION = YES;
				CLANG_WARN_DEPRECATED_OBJC_IMPLEMENTATIONS = YES;
				CLANG_WARN_DIRECT_OBJC_ISA_USAGE = YES_ERROR;
				CLANG_WARN_DOCUMENTATION_COMMENTS = YES;
				CLANG_WARN_EMPTY_BODY = YES;
				CLANG_WARN_ENUM_CONVERSION = YES;
				CLANG_WARN_INFINITE_RECURSION = YES;
				CLANG_WARN_INT_CONVERSION = YES;
				CLANG_WARN_NON_LITERAL_NULL_CONVERSION = YES;
				CLANG_WARN_OBJC_IMPLICIT_RETAIN_SELF = YES;
				CLANG_WARN_OBJC_LITERAL_CONVERSION = YES;
				CLANG_WARN_OBJC_ROOT_CLASS = YES_ERROR;
				CLANG_WARN_QUOTED_INCLUDE_IN_FRAMEWORK_HEADER = YES;
				CLANG_WARN_RANGE_LOOP_ANALYSIS = YES;
				CLANG_WARN_STRICT_PROTOTYPES = YES;
				CLANG_WARN_SUSPICIOUS_MOVE = YES;
				CLANG_WARN_UNGUARDED_AVAILABILITY = YES_AGGRESSIVE;
				CLANG_WARN_UNREACHABLE_CODE = YES;
				CLANG_WARN__DUPLICATE_METHOD_MATCH = YES;
				COPY_PHASE_STRIP = NO;
				DEBUG_INFORMATION_FORMAT = "dwarf-with-dsym";
				ENABLE_NS_ASSERTIONS = NO;
				ENABLE_STRICT_OBJC_MSGSEND = YES;
				GCC_C_LANGUAGE_STANDARD = gnu11;
				GCC_NO_COMMON_BLOCKS = YES;
				GCC_WARN_64_TO_32_BIT_CONVERSION = YES;
				GCC_WARN_ABOUT_RETURN_TYPE = YES_ERROR;
				GCC_WARN_UNDECLARED_SELECTOR = YES;
				GCC_WARN_UNINITIALIZED_AUTOS = YES_AGGRESSIVE;
				GCC_WARN_UNUSED_FUNCTION = YES;
				GCC_WARN_UNUSED_VARIABLE = YES;
				IPHONEOS_DEPLOYMENT_TARGET = 13.0;
				MTL_ENABLE_DEBUG_INFO = NO;
				MTL_FAST_MATH = YES;
				SDKROOT = iphoneos;
				SWIFT_COMPILATION_MODE = wholemodule;
				SWIFT_OPTIMIZATION_LEVEL = "-O";
				VALIDATE_PRODUCT = YES;
			};
			name = Release;
		};
		7D795D0B25F5FD54006C9469 /* Debug */ = {
			isa = XCBuildConfiguration;
			baseConfigurationReference = 3E81B038F471D58320F6459B /* Pods-Popcat.debug.xcconfig */;
			buildSettings = {
				ALWAYS_EMBED_SWIFT_STANDARD_LIBRARIES = YES;
				ASSETCATALOG_COMPILER_APPICON_NAME = AppIcon;
				ASSETCATALOG_COMPILER_GLOBAL_ACCENT_COLOR_NAME = AccentColor;
				CODE_SIGN_IDENTITY = "Apple Development";
				CODE_SIGN_STYLE = Automatic;
				CURRENT_PROJECT_VERSION = 2;
				DEVELOPMENT_TEAM = ZW6466CHF4;
				INFOPLIST_FILE = Popcat/Info.plist;
				IPHONEOS_DEPLOYMENT_TARGET = 13.0;
				LD_RUNPATH_SEARCH_PATHS = (
					"$(inherited)",
					"@executable_path/Frameworks",
				);
				MARKETING_VERSION = 1.6.0;
				PRODUCT_BUNDLE_IDENTIFIER = com.choiysapple.MyPopcat;
				PRODUCT_NAME = "$(TARGET_NAME)";
				PROVISIONING_PROFILE_SPECIFIER = "";
				SWIFT_VERSION = 5.0;
				TARGETED_DEVICE_FAMILY = "1,2";
			};
			name = Debug;
		};
		7D795D0C25F5FD54006C9469 /* Release */ = {
			isa = XCBuildConfiguration;
			baseConfigurationReference = FDEB7E37ACAED75868C34E4B /* Pods-Popcat.release.xcconfig */;
			buildSettings = {
				ALWAYS_EMBED_SWIFT_STANDARD_LIBRARIES = YES;
				ASSETCATALOG_COMPILER_APPICON_NAME = AppIcon;
				ASSETCATALOG_COMPILER_GLOBAL_ACCENT_COLOR_NAME = AccentColor;
				CODE_SIGN_IDENTITY = "Apple Development";
				CODE_SIGN_STYLE = Automatic;
				CURRENT_PROJECT_VERSION = 2;
				DEVELOPMENT_TEAM = ZW6466CHF4;
				INFOPLIST_FILE = Popcat/Info.plist;
				IPHONEOS_DEPLOYMENT_TARGET = 13.0;
				LD_RUNPATH_SEARCH_PATHS = (
					"$(inherited)",
					"@executable_path/Frameworks",
				);
				MARKETING_VERSION = 1.6.0;
				PRODUCT_BUNDLE_IDENTIFIER = com.choiysapple.MyPopcat;
				PRODUCT_NAME = "$(TARGET_NAME)";
				PROVISIONING_PROFILE_SPECIFIER = "";
				SWIFT_VERSION = 5.0;
				TARGETED_DEVICE_FAMILY = "1,2";
			};
			name = Release;
		};
/* End XCBuildConfiguration section */

/* Begin XCConfigurationList section */
		7D445E0F26F09706007B679F /* Build configuration list for PBXNativeTarget "CatPortraitExtension" */ = {
			isa = XCConfigurationList;
			buildConfigurations = (
				7D445E0D26F09706007B679F /* Debug */,
				7D445E0E26F09706007B679F /* Release */,
			);
			defaultConfigurationIsVisible = 0;
			defaultConfigurationName = Release;
		};
		7D795CF125F5FD53006C9469 /* Build configuration list for PBXProject "Popcat" */ = {
			isa = XCConfigurationList;
			buildConfigurations = (
				7D795D0825F5FD54006C9469 /* Debug */,
				7D795D0925F5FD54006C9469 /* Release */,
			);
			defaultConfigurationIsVisible = 0;
			defaultConfigurationName = Release;
		};
		7D795D0A25F5FD54006C9469 /* Build configuration list for PBXNativeTarget "Popcat" */ = {
			isa = XCConfigurationList;
			buildConfigurations = (
				7D795D0B25F5FD54006C9469 /* Debug */,
				7D795D0C25F5FD54006C9469 /* Release */,
			);
			defaultConfigurationIsVisible = 0;
			defaultConfigurationName = Release;
		};
/* End XCConfigurationList section */
	};
	rootObject = 7D795CEE25F5FD53006C9469 /* Project object */;
}
